
Microsoft Visual Studio Solution File, Format Version 12.00
# Visual Studio 15
VisualStudioVersion = 15.0.27130.2027
MinimumVisualStudioVersion = 10.0.40219.1
Project("{9A19103F-16F7-4668-BE54-9A1E7A4F7556}") = "QuizApiServer", "QuizApiServer\QuizApiServer.csproj", "{BE4010F0-38BE-4E68-80F5-15D18629818D}"
EndProject
Project("{9A19103F-16F7-4668-BE54-9A1E7A4F7556}") = "Quizzes", "Items\Quizzes.csproj", "{1BCA2924-0D4A-43BE-B0C6-08EFC4458D1C}"
EndProject
Project("{9A19103F-16F7-4668-BE54-9A1E7A4F7556}") = "LoggerService", "LoggerService\LoggerService.csproj", "{F8B59BF8-A22E-441C-936C-B3ACDE6942D1}"
EndProject
Project("{9A19103F-16F7-4668-BE54-9A1E7A4F7556}") = "Entities", "Entities\Entities.csproj", "{58F09400-2F29-47FA-8F9D-7D09218C0C85}"
EndProject
Project("{9A19103F-16F7-4668-BE54-9A1E7A4F7556}") = "Repository", "Repository\Repository.csproj", "{C2D6554B-F1BF-4E3E-8817-7091B960D7B2}"
EndProject
Global
	GlobalSection(SolutionConfigurationPlatforms) = preSolution
		Debug|Any CPU = Debug|Any CPU
		Release|Any CPU = Release|Any CPU
	EndGlobalSection
	GlobalSection(ProjectConfigurationPlatforms) = postSolution
		{BE4010F0-38BE-4E68-80F5-15D18629818D}.Debug|Any CPU.ActiveCfg = Debug|Any CPU
		{BE4010F0-38BE-4E68-80F5-15D18629818D}.Debug|Any CPU.Build.0 = Debug|Any CPU
		{BE4010F0-38BE-4E68-80F5-15D18629818D}.Release|Any CPU.ActiveCfg = Release|Any CPU
		{BE4010F0-38BE-4E68-80F5-15D18629818D}.Release|Any CPU.Build.0 = Release|Any CPU
		{1BCA2924-0D4A-43BE-B0C6-08EFC4458D1C}.Debug|Any CPU.ActiveCfg = Debug|Any CPU
		{1BCA2924-0D4A-43BE-B0C6-08EFC4458D1C}.Debug|Any CPU.Build.0 = Debug|Any CPU
		{1BCA2924-0D4A-43BE-B0C6-08EFC4458D1C}.Release|Any CPU.ActiveCfg = Release|Any CPU
		{1BCA2924-0D4A-43BE-B0C6-08EFC4458D1C}.Release|Any CPU.Build.0 = Release|Any CPU
		{F8B59BF8-A22E-441C-936C-B3ACDE6942D1}.Debug|Any CPU.ActiveCfg = Debug|Any CPU
		{F8B59BF8-A22E-441C-936C-B3ACDE6942D1}.Debug|Any CPU.Build.0 = Debug|Any CPU
		{F8B59BF8-A22E-441C-936C-B3ACDE6942D1}.Release|Any CPU.ActiveCfg = Release|Any CPU
		{F8B59BF8-A22E-441C-936C-B3ACDE6942D1}.Release|Any CPU.Build.0 = Release|Any CPU
		{58F09400-2F29-47FA-8F9D-7D09218C0C85}.Debug|Any CPU.ActiveCfg = Debug|Any CPU
		{58F09400-2F29-47FA-8F9D-7D09218C0C85}.Debug|Any CPU.Build.0 = Debug|Any CPU
		{58F09400-2F29-47FA-8F9D-7D09218C0C85}.Release|Any CPU.ActiveCfg = Release|Any CPU
		{58F09400-2F29-47FA-8F9D-7D09218C0C85}.Release|Any CPU.Build.0 = Release|Any CPU
		{C2D6554B-F1BF-4E3E-8817-7091B960D7B2}.Debug|Any CPU.ActiveCfg = Debug|Any CPU
		{C2D6554B-F1BF-4E3E-8817-7091B960D7B2}.Debug|Any CPU.Build.0 = Debug|Any CPU
		{C2D6554B-F1BF-4E3E-8817-7091B960D7B2}.Release|Any CPU.ActiveCfg = Release|Any CPU
		{C2D6554B-F1BF-4E3E-8817-7091B960D7B2}.Release|Any CPU.Build.0 = Release|Any CPU
	EndGlobalSection
	GlobalSection(SolutionProperties) = preSolution
		HideSolutionNode = FALSE
	EndGlobalSection
	GlobalSection(ExtensibilityGlobals) = postSolution
		SolutionGuid = {D72D81F0-7500-4A7F-B616-A16C2604A765}
	EndGlobalSection
EndGlobal
